
Microsoft Visual Studio Solution File, Format Version 11.00
# Visual Studio 2010
Project("{FAE04EC0-301F-11D3-BF4B-00C04F79EFBC}") = "RESTService", "RESTService\RESTService.csproj", "{8DB40354-3D62-4B8A-8632-5E5629151ECD}"
EndProject
Global
	GlobalSection(SolutionConfigurationPlatforms) = preSolution
		Debug|Any CPU = Debug|Any CPU
		Release|Any CPU = Release|Any CPU
	EndGlobalSection
	GlobalSection(ProjectConfigurationPlatforms) = postSolution
		{8DB40354-3D62-4B8A-8632-5E5629151ECD}.Debug|Any CPU.ActiveCfg = Debug|Any CPU
		{8DB40354-3D62-4B8A-8632-5E5629151ECD}.Debug|Any CPU.Build.0 = Debug|Any CPU
		{8DB40354-3D62-4B8A-8632-5E5629151ECD}.Release|Any CPU.ActiveCfg = Release|Any CPU
		{8DB40354-3D62-4B8A-8632-5E5629151ECD}.Release|Any CPU.Build.0 = Release|Any CPU
	EndGlobalSection
	GlobalSection(SolutionProperties) = preSolution
		HideSolutionNode = FALSE
	EndGlobalSection
EndGlobal
